
Microsoft Visual Studio Solution File, Format Version 12.00
# Visual Studio Version 17
VisualStudioVersion = 17.3.32929.385
MinimumVisualStudioVersion = 10.0.40219.1
Project("{FAE04EC0-301F-11D3-BF4B-00C04F79EFBC}") = "assignment1", "assignment1\assignment1.csproj", "{53E4BABF-46E5-48F1-BD49-1C1DFEC19F16}"
EndProject
Global
	GlobalSection(SolutionConfigurationPlatforms) = preSolution
		Debug|Any CPU = Debug|Any CPU
		Release|Any CPU = Release|Any CPU
	EndGlobalSection
	GlobalSection(ProjectConfigurationPlatforms) = postSolution
		{53E4BABF-46E5-48F1-BD49-1C1DFEC19F16}.Debug|Any CPU.ActiveCfg = Debug|Any CPU
		{53E4BABF-46E5-48F1-BD49-1C1DFEC19F16}.Debug|Any CPU.Build.0 = Debug|Any CPU
		{53E4BABF-46E5-48F1-BD49-1C1DFEC19F16}.Release|Any CPU.ActiveCfg = Release|Any CPU
		{53E4BABF-46E5-48F1-BD49-1C1DFEC19F16}.Release|Any CPU.Build.0 = Release|Any CPU
	EndGlobalSection
	GlobalSection(SolutionProperties) = preSolution
		HideSolutionNode = FALSE
	EndGlobalSection
	GlobalSection(ExtensibilityGlobals) = postSolution
		SolutionGuid = {C870AD8F-528E-47B0-80FE-F0946CE9562B}
	EndGlobalSection
EndGlobal
