
Microsoft Visual Studio Solution File, Format Version 12.00
# Visual Studio Version 16
VisualStudioVersion = 16.0.31729.503
MinimumVisualStudioVersion = 10.0.40219.1
Project("{FAE04EC0-301F-11D3-BF4B-00C04F79EFBC}") = "assignment4", "assignment4\assignment4.csproj", "{63D0AB9C-9C2F-4849-A8CC-C6857054C1D0}"
EndProject
Global
	GlobalSection(SolutionConfigurationPlatforms) = preSolution
		Debug|Any CPU = Debug|Any CPU
		Release|Any CPU = Release|Any CPU
	EndGlobalSection
	GlobalSection(ProjectConfigurationPlatforms) = postSolution
		{63D0AB9C-9C2F-4849-A8CC-C6857054C1D0}.Debug|Any CPU.ActiveCfg = Debug|Any CPU
		{63D0AB9C-9C2F-4849-A8CC-C6857054C1D0}.Debug|Any CPU.Build.0 = Debug|Any CPU
		{63D0AB9C-9C2F-4849-A8CC-C6857054C1D0}.Release|Any CPU.ActiveCfg = Release|Any CPU
		{63D0AB9C-9C2F-4849-A8CC-C6857054C1D0}.Release|Any CPU.Build.0 = Release|Any CPU
	EndGlobalSection
	GlobalSection(SolutionProperties) = preSolution
		HideSolutionNode = FALSE
	EndGlobalSection
	GlobalSection(ExtensibilityGlobals) = postSolution
		SolutionGuid = {F8C07AA6-8106-4ED8-AEA5-2B83B2C11AD6}
	EndGlobalSection
EndGlobal
