
Microsoft Visual Studio Solution File, Format Version 12.00
# Visual Studio Version 17
VisualStudioVersion = 17.3.32929.385
MinimumVisualStudioVersion = 10.0.40219.1
Project("{FAE04EC0-301F-11D3-BF4B-00C04F79EFBC}") = "assignment1b", "assignment1b\assignment1b.csproj", "{BC2141D0-01B0-49FC-B84C-DAF1F1FD4DDC}"
EndProject
Global
	GlobalSection(SolutionConfigurationPlatforms) = preSolution
		Debug|Any CPU = Debug|Any CPU
		Release|Any CPU = Release|Any CPU
	EndGlobalSection
	GlobalSection(ProjectConfigurationPlatforms) = postSolution
		{BC2141D0-01B0-49FC-B84C-DAF1F1FD4DDC}.Debug|Any CPU.ActiveCfg = Debug|Any CPU
		{BC2141D0-01B0-49FC-B84C-DAF1F1FD4DDC}.Debug|Any CPU.Build.0 = Debug|Any CPU
		{BC2141D0-01B0-49FC-B84C-DAF1F1FD4DDC}.Release|Any CPU.ActiveCfg = Release|Any CPU
		{BC2141D0-01B0-49FC-B84C-DAF1F1FD4DDC}.Release|Any CPU.Build.0 = Release|Any CPU
	EndGlobalSection
	GlobalSection(SolutionProperties) = preSolution
		HideSolutionNode = FALSE
	EndGlobalSection
	GlobalSection(ExtensibilityGlobals) = postSolution
		SolutionGuid = {DF630921-C7F9-4A2F-A2F9-DF0A609729D5}
	EndGlobalSection
EndGlobal
